# THIS IS AN AUTOGENERATED FILE. DO NOT EDIT THIS FILE DIRECTLY.
# yarn lockfile v1


material-design-icons-iconfont@^4.0.4:
  version "4.0.4"
  resolved "https://registry.yarnpkg.com/material-design-icons-iconfont/-/material-design-icons-iconfont-4.0.4.tgz#8f1eb68bd59a42944209907bfd1eb997405bf162"
